<?xml version="1.0" encoding="utf-8"?>
<Project ToolsVersion="4.0" xmlns="http://schemas.microsoft.com/developer/msbuild/2003">
  <ItemGroup>
    <Filter Include="Resource Files">
      <UniqueIdentifier>{67DA6AB6-F800-4c08-8B7A-83BB121AAD01}</UniqueIdentifier>
      <Extensions>rc;ico;cur;bmp;dlg;rc2;rct;bin;rgs;gif;jpg;jpeg;jpe;resx;tiff;tif;png;wav;mfcribbon-ms</Extensions>
    </Filter>
    <Filter Include="Base">
      <UniqueIdentifier>{a9ca220c-44a8-4b07-a8a6-eebfcb227612}</UniqueIdentifier>
    </Filter>
    <Filter Include="SpellObject">
      <UniqueIdentifier>{ebec0144-7b83-4296-9818-4994e6ce3a90}</UniqueIdentifier>
    </Filter>
  </ItemGroup>
  <ItemGroup>
    <ClCompile Include="SpellForge.cpp">
      <Filter>Base</Filter>
    </ClCompile>
    <ClCompile Include="pch.cpp">
      <Filter>Base</Filter>
    </ClCompile>
    <ClCompile Include="SpellObject.cpp">
      <Filter>SpellObject</Filter>
    </ClCompile>
  </ItemGroup>
  <ItemGroup>
    <ClInclude Include="pch.h">
      <Filter>Base</Filter>
    </ClInclude>
    <ClInclude Include="SpellObject.h">
      <Filter>SpellObject</Filter>
    </ClInclude>
    <ClInclude Include="SpellComponent.h">
      <Filter>SpellObject</Filter>
    </ClInclude>
    <ClInclude Include="Object.h">
      <Filter>SpellObject</Filter>
    </ClInclude>
  </ItemGroup>
</Project>