<?xml version="1.0" encoding="utf-8"?>
<Project ToolsVersion="4.0" xmlns="http://schemas.microsoft.com/developer/msbuild/2003">
  <ItemGroup>
    <Filter Include="Resource Files">
      <UniqueIdentifier>{67DA6AB6-F800-4c08-8B7A-83BB121AAD01}</UniqueIdentifier>
      <Extensions>rc;ico;cur;bmp;dlg;rc2;rct;bin;rgs;gif;jpg;jpeg;jpe;resx;tiff;tif;png;wav;mfcribbon-ms</Extensions>
    </Filter>
    <Filter Include="Base">
      <UniqueIdentifier>{a9ca220c-44a8-4b07-a8a6-eebfcb227612}</UniqueIdentifier>
    </Filter>
    <Filter Include="SpellObject">
      <UniqueIdentifier>{ebec0144-7b83-4296-9818-4994e6ce3a90}</UniqueIdentifier>
    </Filter>
    <Filter Include="SpellComponent">
      <UniqueIdentifier>{339e995b-1ba1-4093-9da1-a2381b88cf9e}</UniqueIdentifier>
    </Filter>
    <Filter Include="FileIO">
      <UniqueIdentifier>{a49885d8-a116-4bf6-953d-96bf3b9a7445}</UniqueIdentifier>
    </Filter>
  </ItemGroup>
  <ItemGroup>
    <ClCompile Include="SpellForge.cpp">
      <Filter>Base</Filter>
    </ClCompile>
    <ClCompile Include="pch.cpp">
      <Filter>Base</Filter>
    </ClCompile>
    <ClCompile Include="SpellObject.cpp">
      <Filter>SpellObject</Filter>
    </ClCompile>
    <ClCompile Include="MagicTypeComponent.cpp">
      <Filter>SpellComponent</Filter>
    </ClCompile>
    <ClCompile Include="CastTypeComponent.cpp">
      <Filter>SpellComponent</Filter>
    </ClCompile>
    <ClCompile Include="RangeTypeComponent.cpp">
      <Filter>SpellComponent</Filter>
    </ClCompile>
    <ClCompile Include="Target.cpp">
      <Filter>SpellObject</Filter>
    </ClCompile>
    <ClCompile Include="BinaryIO.cpp">
      <Filter>FileIO</Filter>
    </ClCompile>
  </ItemGroup>
  <ItemGroup>
    <ClInclude Include="pch.h">
      <Filter>Base</Filter>
    </ClInclude>
    <ClInclude Include="SpellObject.h">
      <Filter>SpellObject</Filter>
    </ClInclude>
    <ClInclude Include="Object.h">
      <Filter>SpellObject</Filter>
    </ClInclude>
    <ClInclude Include="SpellComponent.h">
      <Filter>SpellComponent</Filter>
    </ClInclude>
    <ClInclude Include="MagicTypeComponent.h">
      <Filter>SpellComponent</Filter>
    </ClInclude>
    <ClInclude Include="CastTypeComponent.h">
      <Filter>SpellComponent</Filter>
    </ClInclude>
    <ClInclude Include="RangeTypeComponent.h">
      <Filter>SpellComponent</Filter>
    </ClInclude>
    <ClInclude Include="DataStructs.h">
      <Filter>SpellObject</Filter>
    </ClInclude>
    <ClInclude Include="Target.h">
      <Filter>SpellObject</Filter>
    </ClInclude>
    <ClInclude Include="BinaryIO.h">
      <Filter>FileIO</Filter>
    </ClInclude>
  </ItemGroup>
</Project>